
Microsoft Visual Studio Solution File, Format Version 12.00
# Visual Studio Version 17
VisualStudioVersion = 17.12.35728.132
MinimumVisualStudioVersion = 10.0.40219.1
Project("{2150E333-8FDC-42A3-9474-1A3956D46DE8}") = "Services", "Services", "{02FC9154-AEA1-4ECF-83C2-47593C7D2301}"
EndProject
Project("{2150E333-8FDC-42A3-9474-1A3956D46DE8}") = "Catalog", "Catalog", "{AF9F15FE-A426-4546-A834-78F964A42254}"
EndProject
Project("{FAE04EC0-301F-11D3-BF4B-00C04F79EFBC}") = "Catalog.API", "Services\Catalog\Catalog.API\Catalog.API.csproj", "{F89F50A9-4781-4E62-8CF6-7DF4C53F416E}"
EndProject
Project("{2150E333-8FDC-42A3-9474-1A3956D46DE8}") = "BuildingBlocks", "BuildingBlocks", "{02EA681E-C7D8-13C7-8484-4AC65E1B71E8}"
EndProject
Project("{FAE04EC0-301F-11D3-BF4B-00C04F79EFBC}") = "BuildingBlocks", "BuildingBlocks\BuildingBlocks\BuildingBlocks.csproj", "{76A9D9C6-EC83-46E3-957D-23E551A2D91C}"
EndProject
Project("{E53339B2-1760-4266-BCC7-CA923CBCF16C}") = "docker-compose", "docker-compose.dcproj", "{81DDED9D-158B-E303-5F62-77A2896D2A5A}"
EndProject
Project("{2150E333-8FDC-42A3-9474-1A3956D46DE8}") = "Basket", "Basket", "{4B43DE3A-3AFA-40D6-9F0C-50E1F5EAEA29}"
EndProject
Project("{FAE04EC0-301F-11D3-BF4B-00C04F79EFBC}") = "Basket.API", "Services\Basket\Basket.API\Basket.API.csproj", "{40C442FE-E417-4B92-BBC8-28A1B5331CB6}"
EndProject
Project("{2150E333-8FDC-42A3-9474-1A3956D46DE8}") = "Discount", "Discount", "{1F370FD8-5A25-45A4-8893-5B81F1AA746E}"
EndProject
Project("{FAE04EC0-301F-11D3-BF4B-00C04F79EFBC}") = "Discount.Grpc", "Services\Discount\Discount.Grpc\Discount.Grpc.csproj", "{C5FA1158-99DE-4640-93E5-7DBFA996C46D}"
EndProject
Project("{2150E333-8FDC-42A3-9474-1A3956D46DE8}") = "Ordering", "Ordering", "{232AA2B2-0E8D-4E3D-8C9D-AB4FFE5FCAC8}"
EndProject
Project("{FAE04EC0-301F-11D3-BF4B-00C04F79EFBC}") = "Ordering.API", "Services\Ordering\Ordering.API\Ordering.API.csproj", "{146A189B-4198-4217-A3DC-534027311F38}"
EndProject
Project("{FAE04EC0-301F-11D3-BF4B-00C04F79EFBC}") = "Ordering.Domain", "Services\Ordering\Ordering.Domain\Ordering.Domain.csproj", "{92EBC26B-4863-48DD-BA90-7AF68CDA4471}"
EndProject
Project("{FAE04EC0-301F-11D3-BF4B-00C04F79EFBC}") = "Ordering.Application", "Services\Ordering\Ordering.Application\Ordering.Application.csproj", "{665C483D-0219-4196-818C-DE97742790EA}"
EndProject
Project("{FAE04EC0-301F-11D3-BF4B-00C04F79EFBC}") = "Ordering.Infrastructure", "Services\Ordering\Ordering.Infrastructure\Ordering.Infrastructure.csproj", "{69A17682-F1AB-4E16-82F8-BAE2B9EEC2BD}"
EndProject
Project("{FAE04EC0-301F-11D3-BF4B-00C04F79EFBC}") = "BuildingBlocks.Messaging", "BuildingBlocks\BuildingBlocks.Messaging\BuildingBlocks.Messaging.csproj", "{B1C07DC6-1B24-489A-B202-1204A6D0E3FE}"
EndProject
Global
	GlobalSection(SolutionConfigurationPlatforms) = preSolution
		Debug|Any CPU = Debug|Any CPU
		Release|Any CPU = Release|Any CPU
	EndGlobalSection
	GlobalSection(ProjectConfigurationPlatforms) = postSolution
		{F89F50A9-4781-4E62-8CF6-7DF4C53F416E}.Debug|Any CPU.ActiveCfg = Debug|Any CPU
		{F89F50A9-4781-4E62-8CF6-7DF4C53F416E}.Debug|Any CPU.Build.0 = Debug|Any CPU
		{F89F50A9-4781-4E62-8CF6-7DF4C53F416E}.Release|Any CPU.ActiveCfg = Release|Any CPU
		{F89F50A9-4781-4E62-8CF6-7DF4C53F416E}.Release|Any CPU.Build.0 = Release|Any CPU
		{76A9D9C6-EC83-46E3-957D-23E551A2D91C}.Debug|Any CPU.ActiveCfg = Debug|Any CPU
		{76A9D9C6-EC83-46E3-957D-23E551A2D91C}.Debug|Any CPU.Build.0 = Debug|Any CPU
		{76A9D9C6-EC83-46E3-957D-23E551A2D91C}.Release|Any CPU.ActiveCfg = Release|Any CPU
		{76A9D9C6-EC83-46E3-957D-23E551A2D91C}.Release|Any CPU.Build.0 = Release|Any CPU
		{81DDED9D-158B-E303-5F62-77A2896D2A5A}.Debug|Any CPU.ActiveCfg = Debug|Any CPU
		{81DDED9D-158B-E303-5F62-77A2896D2A5A}.Debug|Any CPU.Build.0 = Debug|Any CPU
		{81DDED9D-158B-E303-5F62-77A2896D2A5A}.Release|Any CPU.ActiveCfg = Release|Any CPU
		{81DDED9D-158B-E303-5F62-77A2896D2A5A}.Release|Any CPU.Build.0 = Release|Any CPU
		{40C442FE-E417-4B92-BBC8-28A1B5331CB6}.Debug|Any CPU.ActiveCfg = Debug|Any CPU
		{40C442FE-E417-4B92-BBC8-28A1B5331CB6}.Debug|Any CPU.Build.0 = Debug|Any CPU
		{40C442FE-E417-4B92-BBC8-28A1B5331CB6}.Release|Any CPU.ActiveCfg = Release|Any CPU
		{40C442FE-E417-4B92-BBC8-28A1B5331CB6}.Release|Any CPU.Build.0 = Release|Any CPU
		{C5FA1158-99DE-4640-93E5-7DBFA996C46D}.Debug|Any CPU.ActiveCfg = Debug|Any CPU
		{C5FA1158-99DE-4640-93E5-7DBFA996C46D}.Debug|Any CPU.Build.0 = Debug|Any CPU
		{C5FA1158-99DE-4640-93E5-7DBFA996C46D}.Release|Any CPU.ActiveCfg = Release|Any CPU
		{C5FA1158-99DE-4640-93E5-7DBFA996C46D}.Release|Any CPU.Build.0 = Release|Any CPU
		{146A189B-4198-4217-A3DC-534027311F38}.Debug|Any CPU.ActiveCfg = Debug|Any CPU
		{146A189B-4198-4217-A3DC-534027311F38}.Debug|Any CPU.Build.0 = Debug|Any CPU
		{146A189B-4198-4217-A3DC-534027311F38}.Release|Any CPU.ActiveCfg = Release|Any CPU
		{146A189B-4198-4217-A3DC-534027311F38}.Release|Any CPU.Build.0 = Release|Any CPU
		{92EBC26B-4863-48DD-BA90-7AF68CDA4471}.Debug|Any CPU.ActiveCfg = Debug|Any CPU
		{92EBC26B-4863-48DD-BA90-7AF68CDA4471}.Debug|Any CPU.Build.0 = Debug|Any CPU
		{92EBC26B-4863-48DD-BA90-7AF68CDA4471}.Release|Any CPU.ActiveCfg = Release|Any CPU
		{92EBC26B-4863-48DD-BA90-7AF68CDA4471}.Release|Any CPU.Build.0 = Release|Any CPU
		{665C483D-0219-4196-818C-DE97742790EA}.Debug|Any CPU.ActiveCfg = Debug|Any CPU
		{665C483D-0219-4196-818C-DE97742790EA}.Debug|Any CPU.Build.0 = Debug|Any CPU
		{665C483D-0219-4196-818C-DE97742790EA}.Release|Any CPU.ActiveCfg = Release|Any CPU
		{665C483D-0219-4196-818C-DE97742790EA}.Release|Any CPU.Build.0 = Release|Any CPU
		{69A17682-F1AB-4E16-82F8-BAE2B9EEC2BD}.Debug|Any CPU.ActiveCfg = Debug|Any CPU
		{69A17682-F1AB-4E16-82F8-BAE2B9EEC2BD}.Debug|Any CPU.Build.0 = Debug|Any CPU
		{69A17682-F1AB-4E16-82F8-BAE2B9EEC2BD}.Release|Any CPU.ActiveCfg = Release|Any CPU
		{69A17682-F1AB-4E16-82F8-BAE2B9EEC2BD}.Release|Any CPU.Build.0 = Release|Any CPU
		{B1C07DC6-1B24-489A-B202-1204A6D0E3FE}.Debug|Any CPU.ActiveCfg = Debug|Any CPU
		{B1C07DC6-1B24-489A-B202-1204A6D0E3FE}.Debug|Any CPU.Build.0 = Debug|Any CPU
		{B1C07DC6-1B24-489A-B202-1204A6D0E3FE}.Release|Any CPU.ActiveCfg = Release|Any CPU
		{B1C07DC6-1B24-489A-B202-1204A6D0E3FE}.Release|Any CPU.Build.0 = Release|Any CPU
	EndGlobalSection
	GlobalSection(SolutionProperties) = preSolution
		HideSolutionNode = FALSE
	EndGlobalSection
	GlobalSection(NestedProjects) = preSolution
		{AF9F15FE-A426-4546-A834-78F964A42254} = {02FC9154-AEA1-4ECF-83C2-47593C7D2301}
		{F89F50A9-4781-4E62-8CF6-7DF4C53F416E} = {AF9F15FE-A426-4546-A834-78F964A42254}
		{76A9D9C6-EC83-46E3-957D-23E551A2D91C} = {02EA681E-C7D8-13C7-8484-4AC65E1B71E8}
		{4B43DE3A-3AFA-40D6-9F0C-50E1F5EAEA29} = {02FC9154-AEA1-4ECF-83C2-47593C7D2301}
		{40C442FE-E417-4B92-BBC8-28A1B5331CB6} = {4B43DE3A-3AFA-40D6-9F0C-50E1F5EAEA29}
		{1F370FD8-5A25-45A4-8893-5B81F1AA746E} = {02FC9154-AEA1-4ECF-83C2-47593C7D2301}
		{C5FA1158-99DE-4640-93E5-7DBFA996C46D} = {1F370FD8-5A25-45A4-8893-5B81F1AA746E}
		{232AA2B2-0E8D-4E3D-8C9D-AB4FFE5FCAC8} = {02FC9154-AEA1-4ECF-83C2-47593C7D2301}
		{146A189B-4198-4217-A3DC-534027311F38} = {232AA2B2-0E8D-4E3D-8C9D-AB4FFE5FCAC8}
		{92EBC26B-4863-48DD-BA90-7AF68CDA4471} = {232AA2B2-0E8D-4E3D-8C9D-AB4FFE5FCAC8}
		{665C483D-0219-4196-818C-DE97742790EA} = {232AA2B2-0E8D-4E3D-8C9D-AB4FFE5FCAC8}
		{69A17682-F1AB-4E16-82F8-BAE2B9EEC2BD} = {232AA2B2-0E8D-4E3D-8C9D-AB4FFE5FCAC8}
		{B1C07DC6-1B24-489A-B202-1204A6D0E3FE} = {02EA681E-C7D8-13C7-8484-4AC65E1B71E8}
	EndGlobalSection
	GlobalSection(ExtensibilityGlobals) = postSolution
		SolutionGuid = {FF15E80F-796D-4E80-859C-99AF382240B5}
	EndGlobalSection
EndGlobal
